
Microsoft Visual Studio Solution File, Format Version 12.00
# Visual Studio 14
VisualStudioVersion = 14.0.25420.1
MinimumVisualStudioVersion = 10.0.40219.1
Project("{FAE04EC0-301F-11D3-BF4B-00C04F79EFBC}") = "GtaLauncher", "GtaLauncher\GtaLauncher.csproj", "{FFA13776-4EEF-4064-997A-8B9C3978923B}"
EndProject
Project("{2150E333-8FDC-42A3-9474-1A3956D46DE8}") = "lib", "lib", "{6F2AEB04-5185-4EDD-853F-F73B73C17C2D}"
	ProjectSection(SolutionItems) = preProject
		lib\ScriptHookV.dll = lib\ScriptHookV.dll
	EndProjectSection
EndProject
Project("{2150E333-8FDC-42A3-9474-1A3956D46DE8}") = "client", "client", "{7675D9A0-03AC-4B72-BAA7-74E65B9080FA}"
EndProject
Project("{2150E333-8FDC-42A3-9474-1A3956D46DE8}") = "server", "server", "{D3AE2424-1572-426B-B706-16E2E500F608}"
EndProject
Project("{FAE04EC0-301F-11D3-BF4B-00C04F79EFBC}") = "GtaClient", "GtaClient\GtaClient.csproj", "{7EF8C991-21FC-47F4-B74E-01D1FCD5190D}"
EndProject
Project("{2150E333-8FDC-42A3-9474-1A3956D46DE8}") = "Tests", "Tests", "{F2046BA9-28F8-4EE8-BFBB-7903CB163090}"
EndProject
Project("{FAE04EC0-301F-11D3-BF4B-00C04F79EFBC}") = "TestGtaProject", "TestGtaProject\TestGtaProject.csproj", "{603E11FE-E7E1-40FD-A1C4-C14B99059DA7}"
EndProject
Project("{2150E333-8FDC-42A3-9474-1A3956D46DE8}") = "libs", "libs", "{54E47C8F-27BE-44EE-8659-0E04B89E7ED5}"
EndProject
Project("{8BC9CEB8-8B4A-11D0-8D11-00A0C91BC942}") = "ScriptHookVDotNet", "libs\scripthookvdotnet-master\ScriptHookVDotNet.vcxproj", "{019193A7-50C0-444A-84CA-777595E702CD}"
EndProject
Project("{2150E333-8FDC-42A3-9474-1A3956D46DE8}") = "Loader", "Loader", "{C791C0A0-5CB6-4918-9B27-A2C8E1C7A936}"
EndProject
Project("{8BC9CEB8-8B4A-11D0-8D11-00A0C91BC942}") = "Ultimate-ASI-Loader-x64", "libs\Ultimate-ASI-Loader-master\build\Ultimate-ASI-Loader-x64.vcxproj", "{47F0BD81-B327-0619-BC31-6A3C28E82C12}"
EndProject
Project("{FAE04EC0-301F-11D3-BF4B-00C04F79EFBC}") = "GtaServer", "GtaServer\GtaServer.csproj", "{BA8B953E-B737-4FEE-B1D6-09031AEFC343}"
EndProject
Project("{FAE04EC0-301F-11D3-BF4B-00C04F79EFBC}") = "GtaServerHost", "GtaServerHost\GtaServerHost.csproj", "{73F40DBE-BC1F-4D65-8F32-0A6CE53030C3}"
EndProject
Global
	GlobalSection(SolutionConfigurationPlatforms) = preSolution
		Debug|Any CPU = Debug|Any CPU
		Debug|Win32 = Debug|Win32
		Debug|x64 = Debug|x64
		Debug|x86 = Debug|x86
		DebugOut|Any CPU = DebugOut|Any CPU
		DebugOut|Win32 = DebugOut|Win32
		DebugOut|x64 = DebugOut|x64
		DebugOut|x86 = DebugOut|x86
		NativeGen|Any CPU = NativeGen|Any CPU
		NativeGen|Win32 = NativeGen|Win32
		NativeGen|x64 = NativeGen|x64
		NativeGen|x86 = NativeGen|x86
		Release + Examples|Any CPU = Release + Examples|Any CPU
		Release + Examples|Win32 = Release + Examples|Win32
		Release + Examples|x64 = Release + Examples|x64
		Release + Examples|x86 = Release + Examples|x86
		Release|Any CPU = Release|Any CPU
		Release|Win32 = Release|Win32
		Release|x64 = Release|x64
		Release|x86 = Release|x86
		Run NativeGen|Any CPU = Run NativeGen|Any CPU
		Run NativeGen|Win32 = Run NativeGen|Win32
		Run NativeGen|x64 = Run NativeGen|x64
		Run NativeGen|x86 = Run NativeGen|x86
	EndGlobalSection
	GlobalSection(ProjectConfigurationPlatforms) = postSolution
		{FFA13776-4EEF-4064-997A-8B9C3978923B}.Debug|Any CPU.ActiveCfg = Debug|Any CPU
		{FFA13776-4EEF-4064-997A-8B9C3978923B}.Debug|Any CPU.Build.0 = Debug|Any CPU
		{FFA13776-4EEF-4064-997A-8B9C3978923B}.Debug|Win32.ActiveCfg = Debug|Any CPU
		{FFA13776-4EEF-4064-997A-8B9C3978923B}.Debug|Win32.Build.0 = Debug|Any CPU
		{FFA13776-4EEF-4064-997A-8B9C3978923B}.Debug|x64.ActiveCfg = Debug|Any CPU
		{FFA13776-4EEF-4064-997A-8B9C3978923B}.Debug|x64.Build.0 = Debug|Any CPU
		{FFA13776-4EEF-4064-997A-8B9C3978923B}.Debug|x86.ActiveCfg = Debug|Any CPU
		{FFA13776-4EEF-4064-997A-8B9C3978923B}.Debug|x86.Build.0 = Debug|Any CPU
		{FFA13776-4EEF-4064-997A-8B9C3978923B}.DebugOut|Any CPU.ActiveCfg = Debug|Any CPU
		{FFA13776-4EEF-4064-997A-8B9C3978923B}.DebugOut|Any CPU.Build.0 = Debug|Any CPU
		{FFA13776-4EEF-4064-997A-8B9C3978923B}.DebugOut|Win32.ActiveCfg = Debug|Any CPU
		{FFA13776-4EEF-4064-997A-8B9C3978923B}.DebugOut|Win32.Build.0 = Debug|Any CPU
		{FFA13776-4EEF-4064-997A-8B9C3978923B}.DebugOut|x64.ActiveCfg = Debug|Any CPU
		{FFA13776-4EEF-4064-997A-8B9C3978923B}.DebugOut|x64.Build.0 = Debug|Any CPU
		{FFA13776-4EEF-4064-997A-8B9C3978923B}.DebugOut|x86.ActiveCfg = Debug|Any CPU
		{FFA13776-4EEF-4064-997A-8B9C3978923B}.DebugOut|x86.Build.0 = Debug|Any CPU
		{FFA13776-4EEF-4064-997A-8B9C3978923B}.NativeGen|Any CPU.ActiveCfg = Release|Any CPU
		{FFA13776-4EEF-4064-997A-8B9C3978923B}.NativeGen|Any CPU.Build.0 = Release|Any CPU
		{FFA13776-4EEF-4064-997A-8B9C3978923B}.NativeGen|Win32.ActiveCfg = Release|Any CPU
		{FFA13776-4EEF-4064-997A-8B9C3978923B}.NativeGen|Win32.Build.0 = Release|Any CPU
		{FFA13776-4EEF-4064-997A-8B9C3978923B}.NativeGen|x64.ActiveCfg = Release|Any CPU
		{FFA13776-4EEF-4064-997A-8B9C3978923B}.NativeGen|x64.Build.0 = Release|Any CPU
		{FFA13776-4EEF-4064-997A-8B9C3978923B}.NativeGen|x86.ActiveCfg = Release|Any CPU
		{FFA13776-4EEF-4064-997A-8B9C3978923B}.NativeGen|x86.Build.0 = Release|Any CPU
		{FFA13776-4EEF-4064-997A-8B9C3978923B}.Release + Examples|Any CPU.ActiveCfg = Release|Any CPU
		{FFA13776-4EEF-4064-997A-8B9C3978923B}.Release + Examples|Any CPU.Build.0 = Release|Any CPU
		{FFA13776-4EEF-4064-997A-8B9C3978923B}.Release + Examples|Win32.ActiveCfg = Release|Any CPU
		{FFA13776-4EEF-4064-997A-8B9C3978923B}.Release + Examples|Win32.Build.0 = Release|Any CPU
		{FFA13776-4EEF-4064-997A-8B9C3978923B}.Release + Examples|x64.ActiveCfg = Release|Any CPU
		{FFA13776-4EEF-4064-997A-8B9C3978923B}.Release + Examples|x64.Build.0 = Release|Any CPU
		{FFA13776-4EEF-4064-997A-8B9C3978923B}.Release + Examples|x86.ActiveCfg = Release|Any CPU
		{FFA13776-4EEF-4064-997A-8B9C3978923B}.Release + Examples|x86.Build.0 = Release|Any CPU
		{FFA13776-4EEF-4064-997A-8B9C3978923B}.Release|Any CPU.ActiveCfg = Release|Any CPU
		{FFA13776-4EEF-4064-997A-8B9C3978923B}.Release|Any CPU.Build.0 = Release|Any CPU
		{FFA13776-4EEF-4064-997A-8B9C3978923B}.Release|Win32.ActiveCfg = Release|Any CPU
		{FFA13776-4EEF-4064-997A-8B9C3978923B}.Release|Win32.Build.0 = Release|Any CPU
		{FFA13776-4EEF-4064-997A-8B9C3978923B}.Release|x64.ActiveCfg = Release|Any CPU
		{FFA13776-4EEF-4064-997A-8B9C3978923B}.Release|x64.Build.0 = Release|Any CPU
		{FFA13776-4EEF-4064-997A-8B9C3978923B}.Release|x86.ActiveCfg = Release|Any CPU
		{FFA13776-4EEF-4064-997A-8B9C3978923B}.Release|x86.Build.0 = Release|Any CPU
		{FFA13776-4EEF-4064-997A-8B9C3978923B}.Run NativeGen|Any CPU.ActiveCfg = Release|Any CPU
		{FFA13776-4EEF-4064-997A-8B9C3978923B}.Run NativeGen|Any CPU.Build.0 = Release|Any CPU
		{FFA13776-4EEF-4064-997A-8B9C3978923B}.Run NativeGen|Win32.ActiveCfg = Release|Any CPU
		{FFA13776-4EEF-4064-997A-8B9C3978923B}.Run NativeGen|Win32.Build.0 = Release|Any CPU
		{FFA13776-4EEF-4064-997A-8B9C3978923B}.Run NativeGen|x64.ActiveCfg = Release|Any CPU
		{FFA13776-4EEF-4064-997A-8B9C3978923B}.Run NativeGen|x64.Build.0 = Release|Any CPU
		{FFA13776-4EEF-4064-997A-8B9C3978923B}.Run NativeGen|x86.ActiveCfg = Release|Any CPU
		{FFA13776-4EEF-4064-997A-8B9C3978923B}.Run NativeGen|x86.Build.0 = Release|Any CPU
		{7EF8C991-21FC-47F4-B74E-01D1FCD5190D}.Debug|Any CPU.ActiveCfg = Debug|Any CPU
		{7EF8C991-21FC-47F4-B74E-01D1FCD5190D}.Debug|Any CPU.Build.0 = Debug|Any CPU
		{7EF8C991-21FC-47F4-B74E-01D1FCD5190D}.Debug|Win32.ActiveCfg = Debug|Any CPU
		{7EF8C991-21FC-47F4-B74E-01D1FCD5190D}.Debug|Win32.Build.0 = Debug|Any CPU
		{7EF8C991-21FC-47F4-B74E-01D1FCD5190D}.Debug|x64.ActiveCfg = Debug|Any CPU
		{7EF8C991-21FC-47F4-B74E-01D1FCD5190D}.Debug|x64.Build.0 = Debug|Any CPU
		{7EF8C991-21FC-47F4-B74E-01D1FCD5190D}.Debug|x86.ActiveCfg = Debug|Any CPU
		{7EF8C991-21FC-47F4-B74E-01D1FCD5190D}.Debug|x86.Build.0 = Debug|Any CPU
		{7EF8C991-21FC-47F4-B74E-01D1FCD5190D}.DebugOut|Any CPU.ActiveCfg = Debug|Any CPU
		{7EF8C991-21FC-47F4-B74E-01D1FCD5190D}.DebugOut|Any CPU.Build.0 = Debug|Any CPU
		{7EF8C991-21FC-47F4-B74E-01D1FCD5190D}.DebugOut|Win32.ActiveCfg = Debug|Any CPU
		{7EF8C991-21FC-47F4-B74E-01D1FCD5190D}.DebugOut|Win32.Build.0 = Debug|Any CPU
		{7EF8C991-21FC-47F4-B74E-01D1FCD5190D}.DebugOut|x64.ActiveCfg = Debug|Any CPU
		{7EF8C991-21FC-47F4-B74E-01D1FCD5190D}.DebugOut|x64.Build.0 = Debug|Any CPU
		{7EF8C991-21FC-47F4-B74E-01D1FCD5190D}.DebugOut|x86.ActiveCfg = Debug|Any CPU
		{7EF8C991-21FC-47F4-B74E-01D1FCD5190D}.DebugOut|x86.Build.0 = Debug|Any CPU
		{7EF8C991-21FC-47F4-B74E-01D1FCD5190D}.NativeGen|Any CPU.ActiveCfg = Release|Any CPU
		{7EF8C991-21FC-47F4-B74E-01D1FCD5190D}.NativeGen|Any CPU.Build.0 = Release|Any CPU
		{7EF8C991-21FC-47F4-B74E-01D1FCD5190D}.NativeGen|Win32.ActiveCfg = Release|Any CPU
		{7EF8C991-21FC-47F4-B74E-01D1FCD5190D}.NativeGen|Win32.Build.0 = Release|Any CPU
		{7EF8C991-21FC-47F4-B74E-01D1FCD5190D}.NativeGen|x64.ActiveCfg = Release|Any CPU
		{7EF8C991-21FC-47F4-B74E-01D1FCD5190D}.NativeGen|x64.Build.0 = Release|Any CPU
		{7EF8C991-21FC-47F4-B74E-01D1FCD5190D}.NativeGen|x86.ActiveCfg = Release|Any CPU
		{7EF8C991-21FC-47F4-B74E-01D1FCD5190D}.NativeGen|x86.Build.0 = Release|Any CPU
		{7EF8C991-21FC-47F4-B74E-01D1FCD5190D}.Release + Examples|Any CPU.ActiveCfg = Release|Any CPU
		{7EF8C991-21FC-47F4-B74E-01D1FCD5190D}.Release + Examples|Any CPU.Build.0 = Release|Any CPU
		{7EF8C991-21FC-47F4-B74E-01D1FCD5190D}.Release + Examples|Win32.ActiveCfg = Release|Any CPU
		{7EF8C991-21FC-47F4-B74E-01D1FCD5190D}.Release + Examples|Win32.Build.0 = Release|Any CPU
		{7EF8C991-21FC-47F4-B74E-01D1FCD5190D}.Release + Examples|x64.ActiveCfg = Release|Any CPU
		{7EF8C991-21FC-47F4-B74E-01D1FCD5190D}.Release + Examples|x64.Build.0 = Release|Any CPU
		{7EF8C991-21FC-47F4-B74E-01D1FCD5190D}.Release + Examples|x86.ActiveCfg = Release|Any CPU
		{7EF8C991-21FC-47F4-B74E-01D1FCD5190D}.Release + Examples|x86.Build.0 = Release|Any CPU
		{7EF8C991-21FC-47F4-B74E-01D1FCD5190D}.Release|Any CPU.ActiveCfg = Release|Any CPU
		{7EF8C991-21FC-47F4-B74E-01D1FCD5190D}.Release|Any CPU.Build.0 = Release|Any CPU
		{7EF8C991-21FC-47F4-B74E-01D1FCD5190D}.Release|Win32.ActiveCfg = Release|Any CPU
		{7EF8C991-21FC-47F4-B74E-01D1FCD5190D}.Release|Win32.Build.0 = Release|Any CPU
		{7EF8C991-21FC-47F4-B74E-01D1FCD5190D}.Release|x64.ActiveCfg = Release|Any CPU
		{7EF8C991-21FC-47F4-B74E-01D1FCD5190D}.Release|x64.Build.0 = Release|Any CPU
		{7EF8C991-21FC-47F4-B74E-01D1FCD5190D}.Release|x86.ActiveCfg = Release|Any CPU
		{7EF8C991-21FC-47F4-B74E-01D1FCD5190D}.Release|x86.Build.0 = Release|Any CPU
		{7EF8C991-21FC-47F4-B74E-01D1FCD5190D}.Run NativeGen|Any CPU.ActiveCfg = Release|Any CPU
		{7EF8C991-21FC-47F4-B74E-01D1FCD5190D}.Run NativeGen|Any CPU.Build.0 = Release|Any CPU
		{7EF8C991-21FC-47F4-B74E-01D1FCD5190D}.Run NativeGen|Win32.ActiveCfg = Release|Any CPU
		{7EF8C991-21FC-47F4-B74E-01D1FCD5190D}.Run NativeGen|Win32.Build.0 = Release|Any CPU
		{7EF8C991-21FC-47F4-B74E-01D1FCD5190D}.Run NativeGen|x64.ActiveCfg = Release|Any CPU
		{7EF8C991-21FC-47F4-B74E-01D1FCD5190D}.Run NativeGen|x64.Build.0 = Release|Any CPU
		{7EF8C991-21FC-47F4-B74E-01D1FCD5190D}.Run NativeGen|x86.ActiveCfg = Release|Any CPU
		{7EF8C991-21FC-47F4-B74E-01D1FCD5190D}.Run NativeGen|x86.Build.0 = Release|Any CPU
		{603E11FE-E7E1-40FD-A1C4-C14B99059DA7}.Debug|Any CPU.ActiveCfg = Debug|Any CPU
		{603E11FE-E7E1-40FD-A1C4-C14B99059DA7}.Debug|Any CPU.Build.0 = Debug|Any CPU
		{603E11FE-E7E1-40FD-A1C4-C14B99059DA7}.Debug|Win32.ActiveCfg = Debug|Any CPU
		{603E11FE-E7E1-40FD-A1C4-C14B99059DA7}.Debug|Win32.Build.0 = Debug|Any CPU
		{603E11FE-E7E1-40FD-A1C4-C14B99059DA7}.Debug|x64.ActiveCfg = Debug|Any CPU
		{603E11FE-E7E1-40FD-A1C4-C14B99059DA7}.Debug|x64.Build.0 = Debug|Any CPU
		{603E11FE-E7E1-40FD-A1C4-C14B99059DA7}.Debug|x86.ActiveCfg = Debug|Any CPU
		{603E11FE-E7E1-40FD-A1C4-C14B99059DA7}.Debug|x86.Build.0 = Debug|Any CPU
		{603E11FE-E7E1-40FD-A1C4-C14B99059DA7}.DebugOut|Any CPU.ActiveCfg = Debug|Any CPU
		{603E11FE-E7E1-40FD-A1C4-C14B99059DA7}.DebugOut|Any CPU.Build.0 = Debug|Any CPU
		{603E11FE-E7E1-40FD-A1C4-C14B99059DA7}.DebugOut|Win32.ActiveCfg = Debug|Any CPU
		{603E11FE-E7E1-40FD-A1C4-C14B99059DA7}.DebugOut|Win32.Build.0 = Debug|Any CPU
		{603E11FE-E7E1-40FD-A1C4-C14B99059DA7}.DebugOut|x64.ActiveCfg = Debug|Any CPU
		{603E11FE-E7E1-40FD-A1C4-C14B99059DA7}.DebugOut|x64.Build.0 = Debug|Any CPU
		{603E11FE-E7E1-40FD-A1C4-C14B99059DA7}.DebugOut|x86.ActiveCfg = Debug|Any CPU
		{603E11FE-E7E1-40FD-A1C4-C14B99059DA7}.DebugOut|x86.Build.0 = Debug|Any CPU
		{603E11FE-E7E1-40FD-A1C4-C14B99059DA7}.NativeGen|Any CPU.ActiveCfg = Release|Any CPU
		{603E11FE-E7E1-40FD-A1C4-C14B99059DA7}.NativeGen|Any CPU.Build.0 = Release|Any CPU
		{603E11FE-E7E1-40FD-A1C4-C14B99059DA7}.NativeGen|Win32.ActiveCfg = Release|Any CPU
		{603E11FE-E7E1-40FD-A1C4-C14B99059DA7}.NativeGen|Win32.Build.0 = Release|Any CPU
		{603E11FE-E7E1-40FD-A1C4-C14B99059DA7}.NativeGen|x64.ActiveCfg = Release|Any CPU
		{603E11FE-E7E1-40FD-A1C4-C14B99059DA7}.NativeGen|x64.Build.0 = Release|Any CPU
		{603E11FE-E7E1-40FD-A1C4-C14B99059DA7}.NativeGen|x86.ActiveCfg = Release|Any CPU
		{603E11FE-E7E1-40FD-A1C4-C14B99059DA7}.NativeGen|x86.Build.0 = Release|Any CPU
		{603E11FE-E7E1-40FD-A1C4-C14B99059DA7}.Release + Examples|Any CPU.ActiveCfg = Release|Any CPU
		{603E11FE-E7E1-40FD-A1C4-C14B99059DA7}.Release + Examples|Any CPU.Build.0 = Release|Any CPU
		{603E11FE-E7E1-40FD-A1C4-C14B99059DA7}.Release + Examples|Win32.ActiveCfg = Release|Any CPU
		{603E11FE-E7E1-40FD-A1C4-C14B99059DA7}.Release + Examples|Win32.Build.0 = Release|Any CPU
		{603E11FE-E7E1-40FD-A1C4-C14B99059DA7}.Release + Examples|x64.ActiveCfg = Release|Any CPU
		{603E11FE-E7E1-40FD-A1C4-C14B99059DA7}.Release + Examples|x64.Build.0 = Release|Any CPU
		{603E11FE-E7E1-40FD-A1C4-C14B99059DA7}.Release + Examples|x86.ActiveCfg = Release|Any CPU
		{603E11FE-E7E1-40FD-A1C4-C14B99059DA7}.Release + Examples|x86.Build.0 = Release|Any CPU
		{603E11FE-E7E1-40FD-A1C4-C14B99059DA7}.Release|Any CPU.ActiveCfg = Release|Any CPU
		{603E11FE-E7E1-40FD-A1C4-C14B99059DA7}.Release|Any CPU.Build.0 = Release|Any CPU
		{603E11FE-E7E1-40FD-A1C4-C14B99059DA7}.Release|Win32.ActiveCfg = Release|Any CPU
		{603E11FE-E7E1-40FD-A1C4-C14B99059DA7}.Release|Win32.Build.0 = Release|Any CPU
		{603E11FE-E7E1-40FD-A1C4-C14B99059DA7}.Release|x64.ActiveCfg = Release|Any CPU
		{603E11FE-E7E1-40FD-A1C4-C14B99059DA7}.Release|x64.Build.0 = Release|Any CPU
		{603E11FE-E7E1-40FD-A1C4-C14B99059DA7}.Release|x86.ActiveCfg = Release|Any CPU
		{603E11FE-E7E1-40FD-A1C4-C14B99059DA7}.Release|x86.Build.0 = Release|Any CPU
		{603E11FE-E7E1-40FD-A1C4-C14B99059DA7}.Run NativeGen|Any CPU.ActiveCfg = Release|Any CPU
		{603E11FE-E7E1-40FD-A1C4-C14B99059DA7}.Run NativeGen|Any CPU.Build.0 = Release|Any CPU
		{603E11FE-E7E1-40FD-A1C4-C14B99059DA7}.Run NativeGen|Win32.ActiveCfg = Release|Any CPU
		{603E11FE-E7E1-40FD-A1C4-C14B99059DA7}.Run NativeGen|Win32.Build.0 = Release|Any CPU
		{603E11FE-E7E1-40FD-A1C4-C14B99059DA7}.Run NativeGen|x64.ActiveCfg = Release|Any CPU
		{603E11FE-E7E1-40FD-A1C4-C14B99059DA7}.Run NativeGen|x64.Build.0 = Release|Any CPU
		{603E11FE-E7E1-40FD-A1C4-C14B99059DA7}.Run NativeGen|x86.ActiveCfg = Release|Any CPU
		{603E11FE-E7E1-40FD-A1C4-C14B99059DA7}.Run NativeGen|x86.Build.0 = Release|Any CPU
		{019193A7-50C0-444A-84CA-777595E702CD}.Debug|Any CPU.ActiveCfg = DebugOut|x64
		{019193A7-50C0-444A-84CA-777595E702CD}.Debug|Win32.ActiveCfg = Release|x64
		{019193A7-50C0-444A-84CA-777595E702CD}.Debug|Win32.Build.0 = Release|x64
		{019193A7-50C0-444A-84CA-777595E702CD}.Debug|x64.ActiveCfg = Release|x64
		{019193A7-50C0-444A-84CA-777595E702CD}.Debug|x64.Build.0 = Release|x64
		{019193A7-50C0-444A-84CA-777595E702CD}.Debug|x86.ActiveCfg = Release|x64
		{019193A7-50C0-444A-84CA-777595E702CD}.Debug|x86.Build.0 = Release|x64
		{019193A7-50C0-444A-84CA-777595E702CD}.DebugOut|Any CPU.ActiveCfg = DebugOut|x64
		{019193A7-50C0-444A-84CA-777595E702CD}.DebugOut|Win32.ActiveCfg = DebugOut|x64
		{019193A7-50C0-444A-84CA-777595E702CD}.DebugOut|x64.ActiveCfg = DebugOut|x64
		{019193A7-50C0-444A-84CA-777595E702CD}.DebugOut|x64.Build.0 = DebugOut|x64
		{019193A7-50C0-444A-84CA-777595E702CD}.DebugOut|x86.ActiveCfg = DebugOut|x64
		{019193A7-50C0-444A-84CA-777595E702CD}.NativeGen|Any CPU.ActiveCfg = Release|x64
		{019193A7-50C0-444A-84CA-777595E702CD}.NativeGen|Any CPU.Build.0 = Release|x64
		{019193A7-50C0-444A-84CA-777595E702CD}.NativeGen|Win32.ActiveCfg = Release|x64
		{019193A7-50C0-444A-84CA-777595E702CD}.NativeGen|Win32.Build.0 = Release|x64
		{019193A7-50C0-444A-84CA-777595E702CD}.NativeGen|x64.ActiveCfg = Release|x64
		{019193A7-50C0-444A-84CA-777595E702CD}.NativeGen|x64.Build.0 = Release|x64
		{019193A7-50C0-444A-84CA-777595E702CD}.NativeGen|x86.ActiveCfg = Release|x64
		{019193A7-50C0-444A-84CA-777595E702CD}.NativeGen|x86.Build.0 = Release|x64
		{019193A7-50C0-444A-84CA-777595E702CD}.Release + Examples|Any CPU.ActiveCfg = Release|x64
		{019193A7-50C0-444A-84CA-777595E702CD}.Release + Examples|Any CPU.Build.0 = Release|x64
		{019193A7-50C0-444A-84CA-777595E702CD}.Release + Examples|Win32.ActiveCfg = Release|x64
		{019193A7-50C0-444A-84CA-777595E702CD}.Release + Examples|Win32.Build.0 = Release|x64
		{019193A7-50C0-444A-84CA-777595E702CD}.Release + Examples|x64.ActiveCfg = Release|x64
		{019193A7-50C0-444A-84CA-777595E702CD}.Release + Examples|x64.Build.0 = Release|x64
		{019193A7-50C0-444A-84CA-777595E702CD}.Release + Examples|x86.ActiveCfg = Release|x64
		{019193A7-50C0-444A-84CA-777595E702CD}.Release + Examples|x86.Build.0 = Release|x64
		{019193A7-50C0-444A-84CA-777595E702CD}.Release|Any CPU.ActiveCfg = Release|x64
		{019193A7-50C0-444A-84CA-777595E702CD}.Release|Win32.ActiveCfg = Release|x64
		{019193A7-50C0-444A-84CA-777595E702CD}.Release|x64.ActiveCfg = Release|x64
		{019193A7-50C0-444A-84CA-777595E702CD}.Release|x64.Build.0 = Release|x64
		{019193A7-50C0-444A-84CA-777595E702CD}.Release|x86.ActiveCfg = Release|x64
		{019193A7-50C0-444A-84CA-777595E702CD}.Run NativeGen|Any CPU.ActiveCfg = Release|x64
		{019193A7-50C0-444A-84CA-777595E702CD}.Run NativeGen|Any CPU.Build.0 = Release|x64
		{019193A7-50C0-444A-84CA-777595E702CD}.Run NativeGen|Win32.ActiveCfg = Release|x64
		{019193A7-50C0-444A-84CA-777595E702CD}.Run NativeGen|Win32.Build.0 = Release|x64
		{019193A7-50C0-444A-84CA-777595E702CD}.Run NativeGen|x64.ActiveCfg = Release|x64
		{019193A7-50C0-444A-84CA-777595E702CD}.Run NativeGen|x64.Build.0 = Release|x64
		{019193A7-50C0-444A-84CA-777595E702CD}.Run NativeGen|x86.ActiveCfg = Release|x64
		{019193A7-50C0-444A-84CA-777595E702CD}.Run NativeGen|x86.Build.0 = Release|x64
		{47F0BD81-B327-0619-BC31-6A3C28E82C12}.Debug|Any CPU.ActiveCfg = Release|x64
		{47F0BD81-B327-0619-BC31-6A3C28E82C12}.Debug|Win32.ActiveCfg = Debug|x64
		{47F0BD81-B327-0619-BC31-6A3C28E82C12}.Debug|x64.ActiveCfg = Debug|x64
		{47F0BD81-B327-0619-BC31-6A3C28E82C12}.Debug|x64.Build.0 = Debug|x64
		{47F0BD81-B327-0619-BC31-6A3C28E82C12}.Debug|x86.ActiveCfg = Debug|x64
		{47F0BD81-B327-0619-BC31-6A3C28E82C12}.DebugOut|Any CPU.ActiveCfg = Debug|x64
		{47F0BD81-B327-0619-BC31-6A3C28E82C12}.DebugOut|Any CPU.Build.0 = Debug|x64
		{47F0BD81-B327-0619-BC31-6A3C28E82C12}.DebugOut|Win32.ActiveCfg = Debug|x64
		{47F0BD81-B327-0619-BC31-6A3C28E82C12}.DebugOut|Win32.Build.0 = Debug|x64
		{47F0BD81-B327-0619-BC31-6A3C28E82C12}.DebugOut|x64.ActiveCfg = Debug|x64
		{47F0BD81-B327-0619-BC31-6A3C28E82C12}.DebugOut|x64.Build.0 = Debug|x64
		{47F0BD81-B327-0619-BC31-6A3C28E82C12}.DebugOut|x86.ActiveCfg = Debug|x64
		{47F0BD81-B327-0619-BC31-6A3C28E82C12}.DebugOut|x86.Build.0 = Debug|x64
		{47F0BD81-B327-0619-BC31-6A3C28E82C12}.NativeGen|Any CPU.ActiveCfg = Release|x64
		{47F0BD81-B327-0619-BC31-6A3C28E82C12}.NativeGen|Any CPU.Build.0 = Release|x64
		{47F0BD81-B327-0619-BC31-6A3C28E82C12}.NativeGen|Win32.ActiveCfg = Release|x64
		{47F0BD81-B327-0619-BC31-6A3C28E82C12}.NativeGen|Win32.Build.0 = Release|x64
		{47F0BD81-B327-0619-BC31-6A3C28E82C12}.NativeGen|x64.ActiveCfg = Release|x64
		{47F0BD81-B327-0619-BC31-6A3C28E82C12}.NativeGen|x64.Build.0 = Release|x64
		{47F0BD81-B327-0619-BC31-6A3C28E82C12}.NativeGen|x86.ActiveCfg = Release|x64
		{47F0BD81-B327-0619-BC31-6A3C28E82C12}.NativeGen|x86.Build.0 = Release|x64
		{47F0BD81-B327-0619-BC31-6A3C28E82C12}.Release + Examples|Any CPU.ActiveCfg = Release|x64
		{47F0BD81-B327-0619-BC31-6A3C28E82C12}.Release + Examples|Any CPU.Build.0 = Release|x64
		{47F0BD81-B327-0619-BC31-6A3C28E82C12}.Release + Examples|Win32.ActiveCfg = Release|x64
		{47F0BD81-B327-0619-BC31-6A3C28E82C12}.Release + Examples|Win32.Build.0 = Release|x64
		{47F0BD81-B327-0619-BC31-6A3C28E82C12}.Release + Examples|x64.ActiveCfg = Release|x64
		{47F0BD81-B327-0619-BC31-6A3C28E82C12}.Release + Examples|x64.Build.0 = Release|x64
		{47F0BD81-B327-0619-BC31-6A3C28E82C12}.Release + Examples|x86.ActiveCfg = Release|x64
		{47F0BD81-B327-0619-BC31-6A3C28E82C12}.Release + Examples|x86.Build.0 = Release|x64
		{47F0BD81-B327-0619-BC31-6A3C28E82C12}.Release|Any CPU.ActiveCfg = Release|x64
		{47F0BD81-B327-0619-BC31-6A3C28E82C12}.Release|Win32.ActiveCfg = Release|x64
		{47F0BD81-B327-0619-BC31-6A3C28E82C12}.Release|x64.ActiveCfg = Release|x64
		{47F0BD81-B327-0619-BC31-6A3C28E82C12}.Release|x64.Build.0 = Release|x64
		{47F0BD81-B327-0619-BC31-6A3C28E82C12}.Release|x86.ActiveCfg = Release|x64
		{47F0BD81-B327-0619-BC31-6A3C28E82C12}.Run NativeGen|Any CPU.ActiveCfg = Release|x64
		{47F0BD81-B327-0619-BC31-6A3C28E82C12}.Run NativeGen|Any CPU.Build.0 = Release|x64
		{47F0BD81-B327-0619-BC31-6A3C28E82C12}.Run NativeGen|Win32.ActiveCfg = Release|x64
		{47F0BD81-B327-0619-BC31-6A3C28E82C12}.Run NativeGen|Win32.Build.0 = Release|x64
		{47F0BD81-B327-0619-BC31-6A3C28E82C12}.Run NativeGen|x64.ActiveCfg = Release|x64
		{47F0BD81-B327-0619-BC31-6A3C28E82C12}.Run NativeGen|x64.Build.0 = Release|x64
		{47F0BD81-B327-0619-BC31-6A3C28E82C12}.Run NativeGen|x86.ActiveCfg = Release|x64
		{47F0BD81-B327-0619-BC31-6A3C28E82C12}.Run NativeGen|x86.Build.0 = Release|x64
		{BA8B953E-B737-4FEE-B1D6-09031AEFC343}.Debug|Any CPU.ActiveCfg = Debug|Any CPU
		{BA8B953E-B737-4FEE-B1D6-09031AEFC343}.Debug|Any CPU.Build.0 = Debug|Any CPU
		{BA8B953E-B737-4FEE-B1D6-09031AEFC343}.Debug|Win32.ActiveCfg = Debug|Any CPU
		{BA8B953E-B737-4FEE-B1D6-09031AEFC343}.Debug|Win32.Build.0 = Debug|Any CPU
		{BA8B953E-B737-4FEE-B1D6-09031AEFC343}.Debug|x64.ActiveCfg = Debug|Any CPU
		{BA8B953E-B737-4FEE-B1D6-09031AEFC343}.Debug|x64.Build.0 = Debug|Any CPU
		{BA8B953E-B737-4FEE-B1D6-09031AEFC343}.Debug|x86.ActiveCfg = Debug|Any CPU
		{BA8B953E-B737-4FEE-B1D6-09031AEFC343}.Debug|x86.Build.0 = Debug|Any CPU
		{BA8B953E-B737-4FEE-B1D6-09031AEFC343}.DebugOut|Any CPU.ActiveCfg = Debug|Any CPU
		{BA8B953E-B737-4FEE-B1D6-09031AEFC343}.DebugOut|Any CPU.Build.0 = Debug|Any CPU
		{BA8B953E-B737-4FEE-B1D6-09031AEFC343}.DebugOut|Win32.ActiveCfg = Debug|Any CPU
		{BA8B953E-B737-4FEE-B1D6-09031AEFC343}.DebugOut|Win32.Build.0 = Debug|Any CPU
		{BA8B953E-B737-4FEE-B1D6-09031AEFC343}.DebugOut|x64.ActiveCfg = Debug|Any CPU
		{BA8B953E-B737-4FEE-B1D6-09031AEFC343}.DebugOut|x64.Build.0 = Debug|Any CPU
		{BA8B953E-B737-4FEE-B1D6-09031AEFC343}.DebugOut|x86.ActiveCfg = Debug|Any CPU
		{BA8B953E-B737-4FEE-B1D6-09031AEFC343}.DebugOut|x86.Build.0 = Debug|Any CPU
		{BA8B953E-B737-4FEE-B1D6-09031AEFC343}.NativeGen|Any CPU.ActiveCfg = Release|Any CPU
		{BA8B953E-B737-4FEE-B1D6-09031AEFC343}.NativeGen|Any CPU.Build.0 = Release|Any CPU
		{BA8B953E-B737-4FEE-B1D6-09031AEFC343}.NativeGen|Win32.ActiveCfg = Release|Any CPU
		{BA8B953E-B737-4FEE-B1D6-09031AEFC343}.NativeGen|Win32.Build.0 = Release|Any CPU
		{BA8B953E-B737-4FEE-B1D6-09031AEFC343}.NativeGen|x64.ActiveCfg = Release|Any CPU
		{BA8B953E-B737-4FEE-B1D6-09031AEFC343}.NativeGen|x64.Build.0 = Release|Any CPU
		{BA8B953E-B737-4FEE-B1D6-09031AEFC343}.NativeGen|x86.ActiveCfg = Release|Any CPU
		{BA8B953E-B737-4FEE-B1D6-09031AEFC343}.NativeGen|x86.Build.0 = Release|Any CPU
		{BA8B953E-B737-4FEE-B1D6-09031AEFC343}.Release + Examples|Any CPU.ActiveCfg = Release|Any CPU
		{BA8B953E-B737-4FEE-B1D6-09031AEFC343}.Release + Examples|Any CPU.Build.0 = Release|Any CPU
		{BA8B953E-B737-4FEE-B1D6-09031AEFC343}.Release + Examples|Win32.ActiveCfg = Release|Any CPU
		{BA8B953E-B737-4FEE-B1D6-09031AEFC343}.Release + Examples|Win32.Build.0 = Release|Any CPU
		{BA8B953E-B737-4FEE-B1D6-09031AEFC343}.Release + Examples|x64.ActiveCfg = Release|Any CPU
		{BA8B953E-B737-4FEE-B1D6-09031AEFC343}.Release + Examples|x64.Build.0 = Release|Any CPU
		{BA8B953E-B737-4FEE-B1D6-09031AEFC343}.Release + Examples|x86.ActiveCfg = Release|Any CPU
		{BA8B953E-B737-4FEE-B1D6-09031AEFC343}.Release + Examples|x86.Build.0 = Release|Any CPU
		{BA8B953E-B737-4FEE-B1D6-09031AEFC343}.Release|Any CPU.ActiveCfg = Release|Any CPU
		{BA8B953E-B737-4FEE-B1D6-09031AEFC343}.Release|Any CPU.Build.0 = Release|Any CPU
		{BA8B953E-B737-4FEE-B1D6-09031AEFC343}.Release|Win32.ActiveCfg = Release|Any CPU
		{BA8B953E-B737-4FEE-B1D6-09031AEFC343}.Release|Win32.Build.0 = Release|Any CPU
		{BA8B953E-B737-4FEE-B1D6-09031AEFC343}.Release|x64.ActiveCfg = Release|Any CPU
		{BA8B953E-B737-4FEE-B1D6-09031AEFC343}.Release|x64.Build.0 = Release|Any CPU
		{BA8B953E-B737-4FEE-B1D6-09031AEFC343}.Release|x86.ActiveCfg = Release|Any CPU
		{BA8B953E-B737-4FEE-B1D6-09031AEFC343}.Release|x86.Build.0 = Release|Any CPU
		{BA8B953E-B737-4FEE-B1D6-09031AEFC343}.Run NativeGen|Any CPU.ActiveCfg = Release|Any CPU
		{BA8B953E-B737-4FEE-B1D6-09031AEFC343}.Run NativeGen|Any CPU.Build.0 = Release|Any CPU
		{BA8B953E-B737-4FEE-B1D6-09031AEFC343}.Run NativeGen|Win32.ActiveCfg = Release|Any CPU
		{BA8B953E-B737-4FEE-B1D6-09031AEFC343}.Run NativeGen|Win32.Build.0 = Release|Any CPU
		{BA8B953E-B737-4FEE-B1D6-09031AEFC343}.Run NativeGen|x64.ActiveCfg = Release|Any CPU
		{BA8B953E-B737-4FEE-B1D6-09031AEFC343}.Run NativeGen|x64.Build.0 = Release|Any CPU
		{BA8B953E-B737-4FEE-B1D6-09031AEFC343}.Run NativeGen|x86.ActiveCfg = Release|Any CPU
		{BA8B953E-B737-4FEE-B1D6-09031AEFC343}.Run NativeGen|x86.Build.0 = Release|Any CPU
		{73F40DBE-BC1F-4D65-8F32-0A6CE53030C3}.Debug|Any CPU.ActiveCfg = Debug|Any CPU
		{73F40DBE-BC1F-4D65-8F32-0A6CE53030C3}.Debug|Any CPU.Build.0 = Debug|Any CPU
		{73F40DBE-BC1F-4D65-8F32-0A6CE53030C3}.Debug|Win32.ActiveCfg = Debug|Any CPU
		{73F40DBE-BC1F-4D65-8F32-0A6CE53030C3}.Debug|Win32.Build.0 = Debug|Any CPU
		{73F40DBE-BC1F-4D65-8F32-0A6CE53030C3}.Debug|x64.ActiveCfg = Debug|Any CPU
		{73F40DBE-BC1F-4D65-8F32-0A6CE53030C3}.Debug|x64.Build.0 = Debug|Any CPU
		{73F40DBE-BC1F-4D65-8F32-0A6CE53030C3}.Debug|x86.ActiveCfg = Debug|Any CPU
		{73F40DBE-BC1F-4D65-8F32-0A6CE53030C3}.Debug|x86.Build.0 = Debug|Any CPU
		{73F40DBE-BC1F-4D65-8F32-0A6CE53030C3}.DebugOut|Any CPU.ActiveCfg = Debug|Any CPU
		{73F40DBE-BC1F-4D65-8F32-0A6CE53030C3}.DebugOut|Any CPU.Build.0 = Debug|Any CPU
		{73F40DBE-BC1F-4D65-8F32-0A6CE53030C3}.DebugOut|Win32.ActiveCfg = Debug|Any CPU
		{73F40DBE-BC1F-4D65-8F32-0A6CE53030C3}.DebugOut|Win32.Build.0 = Debug|Any CPU
		{73F40DBE-BC1F-4D65-8F32-0A6CE53030C3}.DebugOut|x64.ActiveCfg = Debug|Any CPU
		{73F40DBE-BC1F-4D65-8F32-0A6CE53030C3}.DebugOut|x64.Build.0 = Debug|Any CPU
		{73F40DBE-BC1F-4D65-8F32-0A6CE53030C3}.DebugOut|x86.ActiveCfg = Debug|Any CPU
		{73F40DBE-BC1F-4D65-8F32-0A6CE53030C3}.DebugOut|x86.Build.0 = Debug|Any CPU
		{73F40DBE-BC1F-4D65-8F32-0A6CE53030C3}.NativeGen|Any CPU.ActiveCfg = Release|Any CPU
		{73F40DBE-BC1F-4D65-8F32-0A6CE53030C3}.NativeGen|Any CPU.Build.0 = Release|Any CPU
		{73F40DBE-BC1F-4D65-8F32-0A6CE53030C3}.NativeGen|Win32.ActiveCfg = Release|Any CPU
		{73F40DBE-BC1F-4D65-8F32-0A6CE53030C3}.NativeGen|Win32.Build.0 = Release|Any CPU
		{73F40DBE-BC1F-4D65-8F32-0A6CE53030C3}.NativeGen|x64.ActiveCfg = Release|Any CPU
		{73F40DBE-BC1F-4D65-8F32-0A6CE53030C3}.NativeGen|x64.Build.0 = Release|Any CPU
		{73F40DBE-BC1F-4D65-8F32-0A6CE53030C3}.NativeGen|x86.ActiveCfg = Release|Any CPU
		{73F40DBE-BC1F-4D65-8F32-0A6CE53030C3}.NativeGen|x86.Build.0 = Release|Any CPU
		{73F40DBE-BC1F-4D65-8F32-0A6CE53030C3}.Release + Examples|Any CPU.ActiveCfg = Release|Any CPU
		{73F40DBE-BC1F-4D65-8F32-0A6CE53030C3}.Release + Examples|Any CPU.Build.0 = Release|Any CPU
		{73F40DBE-BC1F-4D65-8F32-0A6CE53030C3}.Release + Examples|Win32.ActiveCfg = Release|Any CPU
		{73F40DBE-BC1F-4D65-8F32-0A6CE53030C3}.Release + Examples|Win32.Build.0 = Release|Any CPU
		{73F40DBE-BC1F-4D65-8F32-0A6CE53030C3}.Release + Examples|x64.ActiveCfg = Release|Any CPU
		{73F40DBE-BC1F-4D65-8F32-0A6CE53030C3}.Release + Examples|x64.Build.0 = Release|Any CPU
		{73F40DBE-BC1F-4D65-8F32-0A6CE53030C3}.Release + Examples|x86.ActiveCfg = Release|Any CPU
		{73F40DBE-BC1F-4D65-8F32-0A6CE53030C3}.Release + Examples|x86.Build.0 = Release|Any CPU
		{73F40DBE-BC1F-4D65-8F32-0A6CE53030C3}.Release|Any CPU.ActiveCfg = Release|Any CPU
		{73F40DBE-BC1F-4D65-8F32-0A6CE53030C3}.Release|Any CPU.Build.0 = Release|Any CPU
		{73F40DBE-BC1F-4D65-8F32-0A6CE53030C3}.Release|Win32.ActiveCfg = Release|Any CPU
		{73F40DBE-BC1F-4D65-8F32-0A6CE53030C3}.Release|Win32.Build.0 = Release|Any CPU
		{73F40DBE-BC1F-4D65-8F32-0A6CE53030C3}.Release|x64.ActiveCfg = Release|Any CPU
		{73F40DBE-BC1F-4D65-8F32-0A6CE53030C3}.Release|x64.Build.0 = Release|Any CPU
		{73F40DBE-BC1F-4D65-8F32-0A6CE53030C3}.Release|x86.ActiveCfg = Release|Any CPU
		{73F40DBE-BC1F-4D65-8F32-0A6CE53030C3}.Release|x86.Build.0 = Release|Any CPU
		{73F40DBE-BC1F-4D65-8F32-0A6CE53030C3}.Run NativeGen|Any CPU.ActiveCfg = Release|Any CPU
		{73F40DBE-BC1F-4D65-8F32-0A6CE53030C3}.Run NativeGen|Any CPU.Build.0 = Release|Any CPU
		{73F40DBE-BC1F-4D65-8F32-0A6CE53030C3}.Run NativeGen|Win32.ActiveCfg = Release|Any CPU
		{73F40DBE-BC1F-4D65-8F32-0A6CE53030C3}.Run NativeGen|Win32.Build.0 = Release|Any CPU
		{73F40DBE-BC1F-4D65-8F32-0A6CE53030C3}.Run NativeGen|x64.ActiveCfg = Release|Any CPU
		{73F40DBE-BC1F-4D65-8F32-0A6CE53030C3}.Run NativeGen|x64.Build.0 = Release|Any CPU
		{73F40DBE-BC1F-4D65-8F32-0A6CE53030C3}.Run NativeGen|x86.ActiveCfg = Release|Any CPU
		{73F40DBE-BC1F-4D65-8F32-0A6CE53030C3}.Run NativeGen|x86.Build.0 = Release|Any CPU
	EndGlobalSection
	GlobalSection(SolutionProperties) = preSolution
		HideSolutionNode = FALSE
	EndGlobalSection
	GlobalSection(NestedProjects) = preSolution
		{7EF8C991-21FC-47F4-B74E-01D1FCD5190D} = {7675D9A0-03AC-4B72-BAA7-74E65B9080FA}
		{603E11FE-E7E1-40FD-A1C4-C14B99059DA7} = {F2046BA9-28F8-4EE8-BFBB-7903CB163090}
		{019193A7-50C0-444A-84CA-777595E702CD} = {54E47C8F-27BE-44EE-8659-0E04B89E7ED5}
		{C791C0A0-5CB6-4918-9B27-A2C8E1C7A936} = {54E47C8F-27BE-44EE-8659-0E04B89E7ED5}
		{47F0BD81-B327-0619-BC31-6A3C28E82C12} = {C791C0A0-5CB6-4918-9B27-A2C8E1C7A936}
		{BA8B953E-B737-4FEE-B1D6-09031AEFC343} = {D3AE2424-1572-426B-B706-16E2E500F608}
		{73F40DBE-BC1F-4D65-8F32-0A6CE53030C3} = {D3AE2424-1572-426B-B706-16E2E500F608}
	EndGlobalSection
EndGlobal
